
Microsoft Visual Studio Solution File, Format Version 12.00
# Visual Studio Version 17
VisualStudioVersion = 17.4.33213.308
MinimumVisualStudioVersion = 10.0.40219.1
Project("{FAE04EC0-301F-11D3-BF4B-00C04F79EFBC}") = "WinFormBeginning_2", "WinFormBeginning_2\WinFormBeginning_2.csproj", "{5545DD63-2E2B-4B62-AD54-FB577B8BCD3A}"
EndProject
Global
	GlobalSection(SolutionConfigurationPlatforms) = preSolution
		Debug|Any CPU = Debug|Any CPU
		Release|Any CPU = Release|Any CPU
	EndGlobalSection
	GlobalSection(ProjectConfigurationPlatforms) = postSolution
		{5545DD63-2E2B-4B62-AD54-FB577B8BCD3A}.Debug|Any CPU.ActiveCfg = Debug|Any CPU
		{5545DD63-2E2B-4B62-AD54-FB577B8BCD3A}.Debug|Any CPU.Build.0 = Debug|Any CPU
		{5545DD63-2E2B-4B62-AD54-FB577B8BCD3A}.Release|Any CPU.ActiveCfg = Release|Any CPU
		{5545DD63-2E2B-4B62-AD54-FB577B8BCD3A}.Release|Any CPU.Build.0 = Release|Any CPU
	EndGlobalSection
	GlobalSection(SolutionProperties) = preSolution
		HideSolutionNode = FALSE
	EndGlobalSection
	GlobalSection(ExtensibilityGlobals) = postSolution
		SolutionGuid = {42FE0E71-FAF1-4BFD-983C-0ED5EA98F021}
	EndGlobalSection
EndGlobal
